// !$*UTF8*$!
{
	archiveVersion = 1;
	classes = {
	};
	objectVersion = 56;
	objects = {

/* Begin PBXBuildFile section */
		E239965C29B384AA00787F1D /* MovieModel.swift in Sources */ = {isa = PBXBuildFile; fileRef = E239965B29B384AA00787F1D /* MovieModel.swift */; };
		E239965E29B38DED00787F1D /* InteractiveHeader.swift in Sources */ = {isa = PBXBuildFile; fileRef = E239965D29B38DED00787F1D /* InteractiveHeader.swift */; };
		E24423AD29B3E18600035F47 /* Service.swift in Sources */ = {isa = PBXBuildFile; fileRef = E24423AC29B3E18600035F47 /* Service.swift */; };
		E24423AF29B3E1C500035F47 /* Request.swift in Sources */ = {isa = PBXBuildFile; fileRef = E24423AE29B3E1C500035F47 /* Request.swift */; };
		E24423B129B3E1EF00035F47 /* Endpoint.swift in Sources */ = {isa = PBXBuildFile; fileRef = E24423B029B3E1EF00035F47 /* Endpoint.swift */; };
		E24423B329B3FCD800035F47 /* UIImage.swift in Sources */ = {isa = PBXBuildFile; fileRef = E24423B229B3FCD800035F47 /* UIImage.swift */; };
		E25236D829B9BBF100DF2D86 /* DetailViewController.swift in Sources */ = {isa = PBXBuildFile; fileRef = E25236D729B9BBF100DF2D86 /* DetailViewController.swift */; };
		E25236DA29B9BCB900DF2D86 /* DetailViewModel.swift in Sources */ = {isa = PBXBuildFile; fileRef = E25236D929B9BCB900DF2D86 /* DetailViewModel.swift */; };
		E266022829B5C8E800B8B3A2 /* GenreModel.swift in Sources */ = {isa = PBXBuildFile; fileRef = E266022729B5C8E800B8B3A2 /* GenreModel.swift */; };
		E274200C29B33C7B00D6697D /* SnapKit in Frameworks */ = {isa = PBXBuildFile; productRef = E274200B29B33C7B00D6697D /* SnapKit */; };
		E274201029B33D3F00D6697D /* UICollectionView.swift in Sources */ = {isa = PBXBuildFile; fileRef = E274200F29B33D3F00D6697D /* UICollectionView.swift */; };
		E274201229B3475B00D6697D /* UICollectionViewCell.swift in Sources */ = {isa = PBXBuildFile; fileRef = E274201129B3475B00D6697D /* UICollectionViewCell.swift */; };
		E274201529B34AE200D6697D /* MovieViewCell.swift in Sources */ = {isa = PBXBuildFile; fileRef = E274201429B34AE200D6697D /* MovieViewCell.swift */; };
		E274201829B34BEC00D6697D /* MovieCardView.swift in Sources */ = {isa = PBXBuildFile; fileRef = E274201729B34BEC00D6697D /* MovieCardView.swift */; };
		E27F511629B2A6B900AB292C /* AppDelegate.swift in Sources */ = {isa = PBXBuildFile; fileRef = E27F511529B2A6B900AB292C /* AppDelegate.swift */; };
		E27F511829B2A6B900AB292C /* SceneDelegate.swift in Sources */ = {isa = PBXBuildFile; fileRef = E27F511729B2A6B900AB292C /* SceneDelegate.swift */; };
		E27F511A29B2A6B900AB292C /* MainViewController.swift in Sources */ = {isa = PBXBuildFile; fileRef = E27F511929B2A6B900AB292C /* MainViewController.swift */; };
		E27F511F29B2A6BB00AB292C /* Assets.xcassets in Resources */ = {isa = PBXBuildFile; fileRef = E27F511E29B2A6BB00AB292C /* Assets.xcassets */; };
		E27F512229B2A6BB00AB292C /* LaunchScreen.storyboard in Resources */ = {isa = PBXBuildFile; fileRef = E27F512029B2A6BB00AB292C /* LaunchScreen.storyboard */; };
		E27F513529B2A8A300AB292C /* Coordinator.swift in Sources */ = {isa = PBXBuildFile; fileRef = E27F513429B2A8A300AB292C /* Coordinator.swift */; };
		E27F513729B2A8E800AB292C /* AppCoordinator.swift in Sources */ = {isa = PBXBuildFile; fileRef = E27F513629B2A8E800AB292C /* AppCoordinator.swift */; };
		E27F513929B2A97C00AB292C /* MainCoordinator.swift in Sources */ = {isa = PBXBuildFile; fileRef = E27F513829B2A97C00AB292C /* MainCoordinator.swift */; };
		E27F513C29B2AA7500AB292C /* UIView.swift in Sources */ = {isa = PBXBuildFile; fileRef = E27F513B29B2AA7500AB292C /* UIView.swift */; };
		E27F513E29B2AA9600AB292C /* MainViewModel.swift in Sources */ = {isa = PBXBuildFile; fileRef = E27F513D29B2AA9600AB292C /* MainViewModel.swift */; };
		E27F514129B2ABBD00AB292C /* FavoritesViewModel.swift in Sources */ = {isa = PBXBuildFile; fileRef = E27F514029B2ABBD00AB292C /* FavoritesViewModel.swift */; };
		E27F514329B2AC1900AB292C /* FavoritesViewController.swift in Sources */ = {isa = PBXBuildFile; fileRef = E27F514229B2AC1900AB292C /* FavoritesViewController.swift */; };
		E27F514629B2ACB400AB292C /* SettingViewModel.swift in Sources */ = {isa = PBXBuildFile; fileRef = E27F514529B2ACB400AB292C /* SettingViewModel.swift */; };
		E27F514829B2AD0F00AB292C /* SettingsViewController.swift in Sources */ = {isa = PBXBuildFile; fileRef = E27F514729B2AD0F00AB292C /* SettingsViewController.swift */; };
/* End PBXBuildFile section */

/* Begin PBXFileReference section */
		E239965B29B384AA00787F1D /* MovieModel.swift */ = {isa = PBXFileReference; lastKnownFileType = sourcecode.swift; path = MovieModel.swift; sourceTree = "<group>"; };
		E239965D29B38DED00787F1D /* InteractiveHeader.swift */ = {isa = PBXFileReference; lastKnownFileType = sourcecode.swift; path = InteractiveHeader.swift; sourceTree = "<group>"; };
		E24423AC29B3E18600035F47 /* Service.swift */ = {isa = PBXFileReference; lastKnownFileType = sourcecode.swift; path = Service.swift; sourceTree = "<group>"; };
		E24423AE29B3E1C500035F47 /* Request.swift */ = {isa = PBXFileReference; lastKnownFileType = sourcecode.swift; path = Request.swift; sourceTree = "<group>"; };
		E24423B029B3E1EF00035F47 /* Endpoint.swift */ = {isa = PBXFileReference; lastKnownFileType = sourcecode.swift; path = Endpoint.swift; sourceTree = "<group>"; };
		E24423B229B3FCD800035F47 /* UIImage.swift */ = {isa = PBXFileReference; lastKnownFileType = sourcecode.swift; path = UIImage.swift; sourceTree = "<group>"; };
		E25236D729B9BBF100DF2D86 /* DetailViewController.swift */ = {isa = PBXFileReference; lastKnownFileType = sourcecode.swift; path = DetailViewController.swift; sourceTree = "<group>"; };
		E25236D929B9BCB900DF2D86 /* DetailViewModel.swift */ = {isa = PBXFileReference; lastKnownFileType = sourcecode.swift; path = DetailViewModel.swift; sourceTree = "<group>"; };
		E266022729B5C8E800B8B3A2 /* GenreModel.swift */ = {isa = PBXFileReference; lastKnownFileType = sourcecode.swift; path = GenreModel.swift; sourceTree = "<group>"; };
		E274200F29B33D3F00D6697D /* UICollectionView.swift */ = {isa = PBXFileReference; fileEncoding = 4; lastKnownFileType = sourcecode.swift; path = UICollectionView.swift; sourceTree = "<group>"; };
		E274201129B3475B00D6697D /* UICollectionViewCell.swift */ = {isa = PBXFileReference; fileEncoding = 4; lastKnownFileType = sourcecode.swift; path = UICollectionViewCell.swift; sourceTree = "<group>"; };
		E274201429B34AE200D6697D /* MovieViewCell.swift */ = {isa = PBXFileReference; lastKnownFileType = sourcecode.swift; path = MovieViewCell.swift; sourceTree = "<group>"; };
		E274201729B34BEC00D6697D /* MovieCardView.swift */ = {isa = PBXFileReference; lastKnownFileType = sourcecode.swift; path = MovieCardView.swift; sourceTree = "<group>"; };
		E27F511229B2A6B900AB292C /* AppMoviesTest.app */ = {isa = PBXFileReference; explicitFileType = wrapper.application; includeInIndex = 0; path = AppMoviesTest.app; sourceTree = BUILT_PRODUCTS_DIR; };
		E27F511529B2A6B900AB292C /* AppDelegate.swift */ = {isa = PBXFileReference; lastKnownFileType = sourcecode.swift; path = AppDelegate.swift; sourceTree = "<group>"; };
		E27F511729B2A6B900AB292C /* SceneDelegate.swift */ = {isa = PBXFileReference; lastKnownFileType = sourcecode.swift; path = SceneDelegate.swift; sourceTree = "<group>"; };
		E27F511929B2A6B900AB292C /* MainViewController.swift */ = {isa = PBXFileReference; lastKnownFileType = sourcecode.swift; path = MainViewController.swift; sourceTree = "<group>"; };
		E27F511E29B2A6BB00AB292C /* Assets.xcassets */ = {isa = PBXFileReference; lastKnownFileType = folder.assetcatalog; path = Assets.xcassets; sourceTree = "<group>"; };
		E27F512129B2A6BB00AB292C /* Base */ = {isa = PBXFileReference; lastKnownFileType = file.storyboard; name = Base; path = Base.lproj/LaunchScreen.storyboard; sourceTree = "<group>"; };
		E27F512329B2A6BB00AB292C /* Info.plist */ = {isa = PBXFileReference; lastKnownFileType = text.plist.xml; path = Info.plist; sourceTree = "<group>"; };
		E27F513429B2A8A300AB292C /* Coordinator.swift */ = {isa = PBXFileReference; fileEncoding = 4; lastKnownFileType = sourcecode.swift; path = Coordinator.swift; sourceTree = "<group>"; };
		E27F513629B2A8E800AB292C /* AppCoordinator.swift */ = {isa = PBXFileReference; fileEncoding = 4; lastKnownFileType = sourcecode.swift; path = AppCoordinator.swift; sourceTree = "<group>"; };
		E27F513829B2A97C00AB292C /* MainCoordinator.swift */ = {isa = PBXFileReference; fileEncoding = 4; lastKnownFileType = sourcecode.swift; path = MainCoordinator.swift; sourceTree = "<group>"; };
		E27F513B29B2AA7500AB292C /* UIView.swift */ = {isa = PBXFileReference; fileEncoding = 4; lastKnownFileType = sourcecode.swift; path = UIView.swift; sourceTree = "<group>"; };
		E27F513D29B2AA9600AB292C /* MainViewModel.swift */ = {isa = PBXFileReference; fileEncoding = 4; lastKnownFileType = sourcecode.swift; path = MainViewModel.swift; sourceTree = "<group>"; };
		E27F514029B2ABBD00AB292C /* FavoritesViewModel.swift */ = {isa = PBXFileReference; lastKnownFileType = sourcecode.swift; path = FavoritesViewModel.swift; sourceTree = "<group>"; };
		E27F514229B2AC1900AB292C /* FavoritesViewController.swift */ = {isa = PBXFileReference; lastKnownFileType = sourcecode.swift; path = FavoritesViewController.swift; sourceTree = "<group>"; };
		E27F514529B2ACB400AB292C /* SettingViewModel.swift */ = {isa = PBXFileReference; lastKnownFileType = sourcecode.swift; path = SettingViewModel.swift; sourceTree = "<group>"; };
		E27F514729B2AD0F00AB292C /* SettingsViewController.swift */ = {isa = PBXFileReference; lastKnownFileType = sourcecode.swift; path = SettingsViewController.swift; sourceTree = "<group>"; };
/* End PBXFileReference section */

/* Begin PBXFrameworksBuildPhase section */
		E27F510F29B2A6B900AB292C /* Frameworks */ = {
			isa = PBXFrameworksBuildPhase;
			buildActionMask = 2147483647;
			files = (
				E274200C29B33C7B00D6697D /* SnapKit in Frameworks */,
			);
			runOnlyForDeploymentPostprocessing = 0;
		};
/* End PBXFrameworksBuildPhase section */

/* Begin PBXGroup section */
		E25236D529B9BB5300DF2D86 /* Detail */ = {
			isa = PBXGroup;
			children = (
				E25236D629B9BBD500DF2D86 /* DetailVC */,
			);
			path = Detail;
			sourceTree = "<group>";
		};
		E25236D629B9BBD500DF2D86 /* DetailVC */ = {
			isa = PBXGroup;
			children = (
				E25236D929B9BCB900DF2D86 /* DetailViewModel.swift */,
				E25236D729B9BBF100DF2D86 /* DetailViewController.swift */,
			);
			path = DetailVC;
			sourceTree = "<group>";
		};
		E274200829B3354900D6697D /* Frameworks */ = {
			isa = PBXGroup;
			children = (
			);
			name = Frameworks;
			sourceTree = "<group>";
		};
		E274201329B34A9600D6697D /* MovieViewCell */ = {
			isa = PBXGroup;
			children = (
				E274201429B34AE200D6697D /* MovieViewCell.swift */,
			);
			path = MovieViewCell;
			sourceTree = "<group>";
		};
		E274201629B34BCC00D6697D /* Views */ = {
			isa = PBXGroup;
			children = (
				E239965D29B38DED00787F1D /* InteractiveHeader.swift */,
				E274201729B34BEC00D6697D /* MovieCardView.swift */,
			);
			path = Views;
			sourceTree = "<group>";
		};
		E27F510929B2A6B900AB292C = {
			isa = PBXGroup;
			children = (
				E27F511429B2A6B900AB292C /* AppMoviesTest */,
				E27F511329B2A6B900AB292C /* Products */,
				E274200829B3354900D6697D /* Frameworks */,
			);
			sourceTree = "<group>";
		};
		E27F511329B2A6B900AB292C /* Products */ = {
			isa = PBXGroup;
			children = (
				E27F511229B2A6B900AB292C /* AppMoviesTest.app */,
			);
			name = Products;
			sourceTree = "<group>";
		};
		E27F511429B2A6B900AB292C /* AppMoviesTest */ = {
			isa = PBXGroup;
			children = (
				E27F513029B2A7FA00AB292C /* Base */,
				E27F512F29B2A7EF00AB292C /* Extention */,
				E27F512E29B2A7E300AB292C /* Helpers */,
				E27F512D29B2A7D700AB292C /* Models */,
				E27F512C29B2A7C900AB292C /* Presentation */,
				E27F512B29B2A7B500AB292C /* Service */,
				E27F512A29B2A7A400AB292C /* Resources */,
				E27F512029B2A6BB00AB292C /* LaunchScreen.storyboard */,
				E27F512329B2A6BB00AB292C /* Info.plist */,
			);
			path = AppMoviesTest;
			sourceTree = "<group>";
		};
		E27F512A29B2A7A400AB292C /* Resources */ = {
			isa = PBXGroup;
			children = (
				E27F511529B2A6B900AB292C /* AppDelegate.swift */,
				E27F511729B2A6B900AB292C /* SceneDelegate.swift */,
				E27F511E29B2A6BB00AB292C /* Assets.xcassets */,
			);
			path = Resources;
			sourceTree = "<group>";
		};
		E27F512B29B2A7B500AB292C /* Service */ = {
			isa = PBXGroup;
			children = (
				E24423AC29B3E18600035F47 /* Service.swift */,
				E24423AE29B3E1C500035F47 /* Request.swift */,
				E24423B029B3E1EF00035F47 /* Endpoint.swift */,
			);
			path = Service;
			sourceTree = "<group>";
		};
		E27F512C29B2A7C900AB292C /* Presentation */ = {
			isa = PBXGroup;
			children = (
				E27F513129B2A84900AB292C /* Main */,
				E25236D529B9BB5300DF2D86 /* Detail */,
				E27F513229B2A85800AB292C /* Favorites */,
				E27F513329B2A86600AB292C /* Settings */,
			);
			path = Presentation;
			sourceTree = "<group>";
		};
		E27F512D29B2A7D700AB292C /* Models */ = {
			isa = PBXGroup;
			children = (
				E239965B29B384AA00787F1D /* MovieModel.swift */,
				E266022729B5C8E800B8B3A2 /* GenreModel.swift */,
			);
			path = Models;
			sourceTree = "<group>";
		};
		E27F512E29B2A7E300AB292C /* Helpers */ = {
			isa = PBXGroup;
			children = (
			);
			path = Helpers;
			sourceTree = "<group>";
		};
		E27F512F29B2A7EF00AB292C /* Extention */ = {
			isa = PBXGroup;
			children = (
				E274200F29B33D3F00D6697D /* UICollectionView.swift */,
				E274201129B3475B00D6697D /* UICollectionViewCell.swift */,
				E27F513B29B2AA7500AB292C /* UIView.swift */,
				E24423B229B3FCD800035F47 /* UIImage.swift */,
			);
			path = Extention;
			sourceTree = "<group>";
		};
		E27F513029B2A7FA00AB292C /* Base */ = {
			isa = PBXGroup;
			children = (
				E27F513429B2A8A300AB292C /* Coordinator.swift */,
				E27F513629B2A8E800AB292C /* AppCoordinator.swift */,
			);
			path = Base;
			sourceTree = "<group>";
		};
		E27F513129B2A84900AB292C /* Main */ = {
			isa = PBXGroup;
			children = (
				E27F513829B2A97C00AB292C /* MainCoordinator.swift */,
				E27F513A29B2A9EE00AB292C /* MainVC */,
			);
			path = Main;
			sourceTree = "<group>";
		};
		E27F513229B2A85800AB292C /* Favorites */ = {
			isa = PBXGroup;
			children = (
				E27F513F29B2AB6400AB292C /* FavoritesVC */,
			);
			path = Favorites;
			sourceTree = "<group>";
		};
		E27F513329B2A86600AB292C /* Settings */ = {
			isa = PBXGroup;
			children = (
				E27F514429B2AC9100AB292C /* SettingsVC */,
			);
			path = Settings;
			sourceTree = "<group>";
		};
		E27F513A29B2A9EE00AB292C /* MainVC */ = {
			isa = PBXGroup;
			children = (
				E274201629B34BCC00D6697D /* Views */,
				E274201329B34A9600D6697D /* MovieViewCell */,
				E27F513D29B2AA9600AB292C /* MainViewModel.swift */,
				E27F511929B2A6B900AB292C /* MainViewController.swift */,
			);
			path = MainVC;
			sourceTree = "<group>";
		};
		E27F513F29B2AB6400AB292C /* FavoritesVC */ = {
			isa = PBXGroup;
			children = (
				E27F514029B2ABBD00AB292C /* FavoritesViewModel.swift */,
				E27F514229B2AC1900AB292C /* FavoritesViewController.swift */,
			);
			path = FavoritesVC;
			sourceTree = "<group>";
		};
		E27F514429B2AC9100AB292C /* SettingsVC */ = {
			isa = PBXGroup;
			children = (
				E27F514529B2ACB400AB292C /* SettingViewModel.swift */,
				E27F514729B2AD0F00AB292C /* SettingsViewController.swift */,
			);
			path = SettingsVC;
			sourceTree = "<group>";
		};
/* End PBXGroup section */

/* Begin PBXNativeTarget section */
		E27F511129B2A6B900AB292C /* AppMoviesTest */ = {
			isa = PBXNativeTarget;
			buildConfigurationList = E27F512629B2A6BB00AB292C /* Build configuration list for PBXNativeTarget "AppMoviesTest" */;
			buildPhases = (
				E274200729B331CA00D6697D /* SwiftLint */,
				E27F510E29B2A6B900AB292C /* Sources */,
				E27F510F29B2A6B900AB292C /* Frameworks */,
				E27F511029B2A6B900AB292C /* Resources */,
			);
			buildRules = (
			);
			dependencies = (
			);
			name = AppMoviesTest;
			packageProductDependencies = (
				E274200B29B33C7B00D6697D /* SnapKit */,
			);
			productName = AppMoviesTest;
			productReference = E27F511229B2A6B900AB292C /* AppMoviesTest.app */;
			productType = "com.apple.product-type.application";
		};
/* End PBXNativeTarget section */

/* Begin PBXProject section */
		E27F510A29B2A6B900AB292C /* Project object */ = {
			isa = PBXProject;
			attributes = {
				BuildIndependentTargetsInParallel = 1;
				LastSwiftUpdateCheck = 1420;
				LastUpgradeCheck = 1420;
				TargetAttributes = {
					E27F511129B2A6B900AB292C = {
						CreatedOnToolsVersion = 14.2;
					};
				};
			};
			buildConfigurationList = E27F510D29B2A6B900AB292C /* Build configuration list for PBXProject "AppMoviesTest" */;
			compatibilityVersion = "Xcode 14.0";
			developmentRegion = en;
			hasScannedForEncodings = 0;
			knownRegions = (
				en,
				Base,
			);
			mainGroup = E27F510929B2A6B900AB292C;
			packageReferences = (
				E274200229B320B000D6697D /* XCRemoteSwiftPackageReference "SwiftLint" */,
				E274200629B3310700D6697D /* XCRemoteSwiftPackageReference "SnapKit" */,
			);
			productRefGroup = E27F511329B2A6B900AB292C /* Products */;
			projectDirPath = "";
			projectRoot = "";
			targets = (
				E27F511129B2A6B900AB292C /* AppMoviesTest */,
			);
		};
/* End PBXProject section */

/* Begin PBXResourcesBuildPhase section */
		E27F511029B2A6B900AB292C /* Resources */ = {
			isa = PBXResourcesBuildPhase;
			buildActionMask = 2147483647;
			files = (
				E27F512229B2A6BB00AB292C /* LaunchScreen.storyboard in Resources */,
				E27F511F29B2A6BB00AB292C /* Assets.xcassets in Resources */,
			);
			runOnlyForDeploymentPostprocessing = 0;
		};
/* End PBXResourcesBuildPhase section */

/* Begin PBXShellScriptBuildPhase section */
		E274200729B331CA00D6697D /* SwiftLint */ = {
			isa = PBXShellScriptBuildPhase;
			buildActionMask = 2147483647;
			files = (
			);
			inputFileListPaths = (
			);
			inputPaths = (
			);
			name = SwiftLint;
			outputFileListPaths = (
			);
			outputPaths = (
			);
			runOnlyForDeploymentPostprocessing = 0;
			shellPath = /bin/sh;
			shellScript = "export PATH=\"$PATH:/opt/homebrew/bin\"\nif which swiftlint > /dev/null; then\n  swiftlint\nelse\n  echo \"warning: SwiftLint not installed, download from https://github.com/realm/SwiftLint\"\nfi\n";
		};
/* End PBXShellScriptBuildPhase section */

/* Begin PBXSourcesBuildPhase section */
		E27F510E29B2A6B900AB292C /* Sources */ = {
			isa = PBXSourcesBuildPhase;
			buildActionMask = 2147483647;
			files = (
				E27F513529B2A8A300AB292C /* Coordinator.swift in Sources */,
				E24423B329B3FCD800035F47 /* UIImage.swift in Sources */,
				E27F511A29B2A6B900AB292C /* MainViewController.swift in Sources */,
				E274201529B34AE200D6697D /* MovieViewCell.swift in Sources */,
				E274201829B34BEC00D6697D /* MovieCardView.swift in Sources */,
				E27F513729B2A8E800AB292C /* AppCoordinator.swift in Sources */,
				E27F514129B2ABBD00AB292C /* FavoritesViewModel.swift in Sources */,
				E239965C29B384AA00787F1D /* MovieModel.swift in Sources */,
				E24423B129B3E1EF00035F47 /* Endpoint.swift in Sources */,
				E27F513C29B2AA7500AB292C /* UIView.swift in Sources */,
				E274201229B3475B00D6697D /* UICollectionViewCell.swift in Sources */,
				E27F513E29B2AA9600AB292C /* MainViewModel.swift in Sources */,
				E24423AD29B3E18600035F47 /* Service.swift in Sources */,
				E25236DA29B9BCB900DF2D86 /* DetailViewModel.swift in Sources */,
				E27F511629B2A6B900AB292C /* AppDelegate.swift in Sources */,
				E266022829B5C8E800B8B3A2 /* GenreModel.swift in Sources */,
				E25236D829B9BBF100DF2D86 /* DetailViewController.swift in Sources */,
				E239965E29B38DED00787F1D /* InteractiveHeader.swift in Sources */,
				E27F511829B2A6B900AB292C /* SceneDelegate.swift in Sources */,
				E27F514629B2ACB400AB292C /* SettingViewModel.swift in Sources */,
				E27F514329B2AC1900AB292C /* FavoritesViewController.swift in Sources */,
				E27F513929B2A97C00AB292C /* MainCoordinator.swift in Sources */,
				E24423AF29B3E1C500035F47 /* Request.swift in Sources */,
				E27F514829B2AD0F00AB292C /* SettingsViewController.swift in Sources */,
				E274201029B33D3F00D6697D /* UICollectionView.swift in Sources */,
			);
			runOnlyForDeploymentPostprocessing = 0;
		};
/* End PBXSourcesBuildPhase section */

/* Begin PBXVariantGroup section */
		E27F512029B2A6BB00AB292C /* LaunchScreen.storyboard */ = {
			isa = PBXVariantGroup;
			children = (
				E27F512129B2A6BB00AB292C /* Base */,
			);
			name = LaunchScreen.storyboard;
			sourceTree = "<group>";
		};
/* End PBXVariantGroup section */

/* Begin XCBuildConfiguration section */
		E27F512429B2A6BB00AB292C /* Debug */ = {
			isa = XCBuildConfiguration;
			buildSettings = {
				ALWAYS_SEARCH_USER_PATHS = NO;
				CLANG_ANALYZER_NONNULL = YES;
				CLANG_ANALYZER_NUMBER_OBJECT_CONVERSION = YES_AGGRESSIVE;
				CLANG_CXX_LANGUAGE_STANDARD = "gnu++20";
				CLANG_ENABLE_MODULES = YES;
				CLANG_ENABLE_OBJC_ARC = YES;
				CLANG_ENABLE_OBJC_WEAK = YES;
				CLANG_WARN_BLOCK_CAPTURE_AUTORELEASING = YES;
				CLANG_WARN_BOOL_CONVERSION = YES;
				CLANG_WARN_COMMA = YES;
				CLANG_WARN_CONSTANT_CONVERSION = YES;
				CLANG_WARN_DEPRECATED_OBJC_IMPLEMENTATIONS = YES;
				CLANG_WARN_DIRECT_OBJC_ISA_USAGE = YES_ERROR;
				CLANG_WARN_DOCUMENTATION_COMMENTS = YES;
				CLANG_WARN_EMPTY_BODY = YES;
				CLANG_WARN_ENUM_CONVERSION = YES;
				CLANG_WARN_INFINITE_RECURSION = YES;
				CLANG_WARN_INT_CONVERSION = YES;
				CLANG_WARN_NON_LITERAL_NULL_CONVERSION = YES;
				CLANG_WARN_OBJC_IMPLICIT_RETAIN_SELF = YES;
				CLANG_WARN_OBJC_LITERAL_CONVERSION = YES;
				CLANG_WARN_OBJC_ROOT_CLASS = YES_ERROR;
				CLANG_WARN_QUOTED_INCLUDE_IN_FRAMEWORK_HEADER = YES;
				CLANG_WARN_RANGE_LOOP_ANALYSIS = YES;
				CLANG_WARN_STRICT_PROTOTYPES = YES;
				CLANG_WARN_SUSPICIOUS_MOVE = YES;
				CLANG_WARN_UNGUARDED_AVAILABILITY = YES_AGGRESSIVE;
				CLANG_WARN_UNREACHABLE_CODE = YES;
				CLANG_WARN__DUPLICATE_METHOD_MATCH = YES;
				COPY_PHASE_STRIP = NO;
				DEBUG_INFORMATION_FORMAT = dwarf;
				ENABLE_STRICT_OBJC_MSGSEND = YES;
				ENABLE_TESTABILITY = YES;
				GCC_C_LANGUAGE_STANDARD = gnu11;
				GCC_DYNAMIC_NO_PIC = NO;
				GCC_NO_COMMON_BLOCKS = YES;
				GCC_OPTIMIZATION_LEVEL = 0;
				GCC_PREPROCESSOR_DEFINITIONS = (
					"DEBUG=1",
					"$(inherited)",
				);
				GCC_WARN_64_TO_32_BIT_CONVERSION = YES;
				GCC_WARN_ABOUT_RETURN_TYPE = YES_ERROR;
				GCC_WARN_UNDECLARED_SELECTOR = YES;
				GCC_WARN_UNINITIALIZED_AUTOS = YES_AGGRESSIVE;
				GCC_WARN_UNUSED_FUNCTION = YES;
				GCC_WARN_UNUSED_VARIABLE = YES;
				IPHONEOS_DEPLOYMENT_TARGET = 15.0;
				MTL_ENABLE_DEBUG_INFO = INCLUDE_SOURCE;
				MTL_FAST_MATH = YES;
				ONLY_ACTIVE_ARCH = YES;
				SDKROOT = iphoneos;
				SWIFT_ACTIVE_COMPILATION_CONDITIONS = DEBUG;
				SWIFT_OPTIMIZATION_LEVEL = "-Onone";
			};
			name = Debug;
		};
		E27F512529B2A6BB00AB292C /* Release */ = {
			isa = XCBuildConfiguration;
			buildSettings = {
				ALWAYS_SEARCH_USER_PATHS = NO;
				CLANG_ANALYZER_NONNULL = YES;
				CLANG_ANALYZER_NUMBER_OBJECT_CONVERSION = YES_AGGRESSIVE;
				CLANG_CXX_LANGUAGE_STANDARD = "gnu++20";
				CLANG_ENABLE_MODULES = YES;
				CLANG_ENABLE_OBJC_ARC = YES;
				CLANG_ENABLE_OBJC_WEAK = YES;
				CLANG_WARN_BLOCK_CAPTURE_AUTORELEASING = YES;
				CLANG_WARN_BOOL_CONVERSION = YES;
				CLANG_WARN_COMMA = YES;
				CLANG_WARN_CONSTANT_CONVERSION = YES;
				CLANG_WARN_DEPRECATED_OBJC_IMPLEMENTATIONS = YES;
				CLANG_WARN_DIRECT_OBJC_ISA_USAGE = YES_ERROR;
				CLANG_WARN_DOCUMENTATION_COMMENTS = YES;
				CLANG_WARN_EMPTY_BODY = YES;
				CLANG_WARN_ENUM_CONVERSION = YES;
				CLANG_WARN_INFINITE_RECURSION = YES;
				CLANG_WARN_INT_CONVERSION = YES;
				CLANG_WARN_NON_LITERAL_NULL_CONVERSION = YES;
				CLANG_WARN_OBJC_IMPLICIT_RETAIN_SELF = YES;
				CLANG_WARN_OBJC_LITERAL_CONVERSION = YES;
				CLANG_WARN_OBJC_ROOT_CLASS = YES_ERROR;
				CLANG_WARN_QUOTED_INCLUDE_IN_FRAMEWORK_HEADER = YES;
				CLANG_WARN_RANGE_LOOP_ANALYSIS = YES;
				CLANG_WARN_STRICT_PROTOTYPES = YES;
				CLANG_WARN_SUSPICIOUS_MOVE = YES;
				CLANG_WARN_UNGUARDED_AVAILABILITY = YES_AGGRESSIVE;
				CLANG_WARN_UNREACHABLE_CODE = YES;
				CLANG_WARN__DUPLICATE_METHOD_MATCH = YES;
				COPY_PHASE_STRIP = NO;
				DEBUG_INFORMATION_FORMAT = "dwarf-with-dsym";
				ENABLE_NS_ASSERTIONS = NO;
				ENABLE_STRICT_OBJC_MSGSEND = YES;
				GCC_C_LANGUAGE_STANDARD = gnu11;
				GCC_NO_COMMON_BLOCKS = YES;
				GCC_WARN_64_TO_32_BIT_CONVERSION = YES;
				GCC_WARN_ABOUT_RETURN_TYPE = YES_ERROR;
				GCC_WARN_UNDECLARED_SELECTOR = YES;
				GCC_WARN_UNINITIALIZED_AUTOS = YES_AGGRESSIVE;
				GCC_WARN_UNUSED_FUNCTION = YES;
				GCC_WARN_UNUSED_VARIABLE = YES;
				IPHONEOS_DEPLOYMENT_TARGET = 15.0;
				MTL_ENABLE_DEBUG_INFO = NO;
				MTL_FAST_MATH = YES;
				SDKROOT = iphoneos;
				SWIFT_COMPILATION_MODE = wholemodule;
				SWIFT_OPTIMIZATION_LEVEL = "-O";
				VALIDATE_PRODUCT = YES;
			};
			name = Release;
		};
		E27F512729B2A6BB00AB292C /* Debug */ = {
			isa = XCBuildConfiguration;
			buildSettings = {
				ASSETCATALOG_COMPILER_APPICON_NAME = AppIcon;
				ASSETCATALOG_COMPILER_GLOBAL_ACCENT_COLOR_NAME = AccentColor;
				CODE_SIGN_STYLE = Automatic;
				CURRENT_PROJECT_VERSION = 1;
				DEVELOPMENT_TEAM = FFYJJ79MSE;
				GENERATE_INFOPLIST_FILE = YES;
				INFOPLIST_FILE = AppMoviesTest/Info.plist;
				INFOPLIST_KEY_UIApplicationSupportsIndirectInputEvents = YES;
				INFOPLIST_KEY_UILaunchStoryboardName = LaunchScreen;
				INFOPLIST_KEY_UISupportedInterfaceOrientations_iPad = "UIInterfaceOrientationPortrait UIInterfaceOrientationPortraitUpsideDown UIInterfaceOrientationLandscapeLeft UIInterfaceOrientationLandscapeRight";
				INFOPLIST_KEY_UISupportedInterfaceOrientations_iPhone = "UIInterfaceOrientationPortrait UIInterfaceOrientationLandscapeLeft UIInterfaceOrientationLandscapeRight";
				IPHONEOS_DEPLOYMENT_TARGET = 15.0;
				LD_RUNPATH_SEARCH_PATHS = (
					"$(inherited)",
					"@executable_path/Frameworks",
				);
				MARKETING_VERSION = 1.0;
				PRODUCT_BUNDLE_IDENTIFIER = "sev-84.AppMoviesTest";
				PRODUCT_NAME = "$(TARGET_NAME)";
				SWIFT_EMIT_LOC_STRINGS = YES;
				SWIFT_VERSION = 5.0;
				TARGETED_DEVICE_FAMILY = "1,2";
			};
			name = Debug;
		};
		E27F512829B2A6BB00AB292C /* Release */ = {
			isa = XCBuildConfiguration;
			buildSettings = {
				ASSETCATALOG_COMPILER_APPICON_NAME = AppIcon;
				ASSETCATALOG_COMPILER_GLOBAL_ACCENT_COLOR_NAME = AccentColor;
				CODE_SIGN_STYLE = Automatic;
				CURRENT_PROJECT_VERSION = 1;
				DEVELOPMENT_TEAM = FFYJJ79MSE;
				GENERATE_INFOPLIST_FILE = YES;
				INFOPLIST_FILE = AppMoviesTest/Info.plist;
				INFOPLIST_KEY_UIApplicationSupportsIndirectInputEvents = YES;
				INFOPLIST_KEY_UILaunchStoryboardName = LaunchScreen;
				INFOPLIST_KEY_UISupportedInterfaceOrientations_iPad = "UIInterfaceOrientationPortrait UIInterfaceOrientationPortraitUpsideDown UIInterfaceOrientationLandscapeLeft UIInterfaceOrientationLandscapeRight";
				INFOPLIST_KEY_UISupportedInterfaceOrientations_iPhone = "UIInterfaceOrientationPortrait UIInterfaceOrientationLandscapeLeft UIInterfaceOrientationLandscapeRight";
				IPHONEOS_DEPLOYMENT_TARGET = 15.0;
				LD_RUNPATH_SEARCH_PATHS = (
					"$(inherited)",
					"@executable_path/Frameworks",
				);
				MARKETING_VERSION = 1.0;
				PRODUCT_BUNDLE_IDENTIFIER = "sev-84.AppMoviesTest";
				PRODUCT_NAME = "$(TARGET_NAME)";
				SWIFT_EMIT_LOC_STRINGS = YES;
				SWIFT_VERSION = 5.0;
				TARGETED_DEVICE_FAMILY = "1,2";
			};
			name = Release;
		};
/* End XCBuildConfiguration section */

/* Begin XCConfigurationList section */
		E27F510D29B2A6B900AB292C /* Build configuration list for PBXProject "AppMoviesTest" */ = {
			isa = XCConfigurationList;
			buildConfigurations = (
				E27F512429B2A6BB00AB292C /* Debug */,
				E27F512529B2A6BB00AB292C /* Release */,
			);
			defaultConfigurationIsVisible = 0;
			defaultConfigurationName = Release;
		};
		E27F512629B2A6BB00AB292C /* Build configuration list for PBXNativeTarget "AppMoviesTest" */ = {
			isa = XCConfigurationList;
			buildConfigurations = (
				E27F512729B2A6BB00AB292C /* Debug */,
				E27F512829B2A6BB00AB292C /* Release */,
			);
			defaultConfigurationIsVisible = 0;
			defaultConfigurationName = Release;
		};
/* End XCConfigurationList section */

/* Begin XCRemoteSwiftPackageReference section */
		E274200229B320B000D6697D /* XCRemoteSwiftPackageReference "SwiftLint" */ = {
			isa = XCRemoteSwiftPackageReference;
			repositoryURL = "https://github.com/realm/SwiftLint";
			requirement = {
				branch = main;
				kind = branch;
			};
		};
		E274200629B3310700D6697D /* XCRemoteSwiftPackageReference "SnapKit" */ = {
			isa = XCRemoteSwiftPackageReference;
			repositoryURL = "https://github.com/SnapKit/SnapKit.git";
			requirement = {
				branch = develop;
				kind = branch;
			};
		};
/* End XCRemoteSwiftPackageReference section */

/* Begin XCSwiftPackageProductDependency section */
		E274200B29B33C7B00D6697D /* SnapKit */ = {
			isa = XCSwiftPackageProductDependency;
			package = E274200629B3310700D6697D /* XCRemoteSwiftPackageReference "SnapKit" */;
			productName = SnapKit;
		};
/* End XCSwiftPackageProductDependency section */
	};
	rootObject = E27F510A29B2A6B900AB292C /* Project object */;
}
